
Microsoft Visual Studio Solution File, Format Version 12.00
# Visual Studio Version 16
VisualStudioVersion = 16.0.30804.86
MinimumVisualStudioVersion = 10.0.40219.1
Project("{FAE04EC0-301F-11D3-BF4B-00C04F79EFBC}") = "Student_DailyReport", "Student_DailyReport.csproj", "{0EA0CD7C-A400-4EE1-BA73-CBEAA85553B1}"
EndProject
Global
	GlobalSection(SolutionConfigurationPlatforms) = preSolution
		Debug|Any CPU = Debug|Any CPU
		Release|Any CPU = Release|Any CPU
	EndGlobalSection
	GlobalSection(ProjectConfigurationPlatforms) = postSolution
		{0EA0CD7C-A400-4EE1-BA73-CBEAA85553B1}.Debug|Any CPU.ActiveCfg = Debug|Any CPU
		{0EA0CD7C-A400-4EE1-BA73-CBEAA85553B1}.Debug|Any CPU.Build.0 = Debug|Any CPU
		{0EA0CD7C-A400-4EE1-BA73-CBEAA85553B1}.Release|Any CPU.ActiveCfg = Release|Any CPU
		{0EA0CD7C-A400-4EE1-BA73-CBEAA85553B1}.Release|Any CPU.Build.0 = Release|Any CPU
	EndGlobalSection
	GlobalSection(SolutionProperties) = preSolution
		HideSolutionNode = FALSE
	EndGlobalSection
	GlobalSection(ExtensibilityGlobals) = postSolution
		SolutionGuid = {0E4262A1-0946-4536-A3F6-A3183DE2D85F}
	EndGlobalSection
EndGlobal
